
Microsoft Visual Studio Solution File, Format Version 12.00
# Visual Studio Version 17
VisualStudioVersion = 17.6.33829.357
MinimumVisualStudioVersion = 10.0.40219.1
Project("{FAE04EC0-301F-11D3-BF4B-00C04F79EFBC}") = "Strongly typed partial view", "Strongly typed partial view\Strongly typed partial view.csproj", "{A1FD6BE1-50AA-491E-A147-4DD414D20019}"
EndProject
Global
	GlobalSection(SolutionConfigurationPlatforms) = preSolution
		Debug|Any CPU = Debug|Any CPU
		Release|Any CPU = Release|Any CPU
	EndGlobalSection
	GlobalSection(ProjectConfigurationPlatforms) = postSolution
		{A1FD6BE1-50AA-491E-A147-4DD414D20019}.Debug|Any CPU.ActiveCfg = Debug|Any CPU
		{A1FD6BE1-50AA-491E-A147-4DD414D20019}.Debug|Any CPU.Build.0 = Debug|Any CPU
		{A1FD6BE1-50AA-491E-A147-4DD414D20019}.Release|Any CPU.ActiveCfg = Release|Any CPU
		{A1FD6BE1-50AA-491E-A147-4DD414D20019}.Release|Any CPU.Build.0 = Release|Any CPU
	EndGlobalSection
	GlobalSection(SolutionProperties) = preSolution
		HideSolutionNode = FALSE
	EndGlobalSection
	GlobalSection(ExtensibilityGlobals) = postSolution
		SolutionGuid = {12567C15-E8A9-4F64-9D66-EDC0574DBB90}
	EndGlobalSection
EndGlobal
